
Microsoft Visual Studio Solution File, Format Version 12.00
# Visual Studio Version 17
VisualStudioVersion = 17.7.34031.279
MinimumVisualStudioVersion = 10.0.40219.1
Project("{9A19103F-16F7-4668-BE54-9A1E7A4F7556}") = "BulkyWeb", "BulkyWeb\BulkyWeb.csproj", "{8C02E4A3-778A-458A-89F4-0B3562CEF9D6}"
EndProject
Project("{9A19103F-16F7-4668-BE54-9A1E7A4F7556}") = "BulkyWebRazor_Temp", "BulkyWebRazor_Temp\BulkyWebRazor_Temp.csproj", "{A48B4482-1332-4275-8393-9E033209835F}"
EndProject
Project("{FAE04EC0-301F-11D3-BF4B-00C04F79EFBC}") = "Bulky.DataAccess", "Bulky.DataAccess\Bulky.DataAccess.csproj", "{8785849A-7A54-4687-96A6-C908E62F65A8}"
EndProject
Project("{FAE04EC0-301F-11D3-BF4B-00C04F79EFBC}") = "Bulky.Models", "Bulky.Models\Bulky.Models.csproj", "{B400EFA5-B97B-4FC4-B34C-A6301A1C7890}"
EndProject
Project("{FAE04EC0-301F-11D3-BF4B-00C04F79EFBC}") = "Bulky.Utility", "Bulky.Utility\Bulky.Utility.csproj", "{E03D5067-2596-4157-BFAD-DE539A936EE6}"
EndProject
Global
	GlobalSection(SolutionConfigurationPlatforms) = preSolution
		Debug|Any CPU = Debug|Any CPU
		Release|Any CPU = Release|Any CPU
	EndGlobalSection
	GlobalSection(ProjectConfigurationPlatforms) = postSolution
		{8C02E4A3-778A-458A-89F4-0B3562CEF9D6}.Debug|Any CPU.ActiveCfg = Debug|Any CPU
		{8C02E4A3-778A-458A-89F4-0B3562CEF9D6}.Debug|Any CPU.Build.0 = Debug|Any CPU
		{8C02E4A3-778A-458A-89F4-0B3562CEF9D6}.Release|Any CPU.ActiveCfg = Release|Any CPU
		{8C02E4A3-778A-458A-89F4-0B3562CEF9D6}.Release|Any CPU.Build.0 = Release|Any CPU
		{A48B4482-1332-4275-8393-9E033209835F}.Debug|Any CPU.ActiveCfg = Debug|Any CPU
		{A48B4482-1332-4275-8393-9E033209835F}.Debug|Any CPU.Build.0 = Debug|Any CPU
		{A48B4482-1332-4275-8393-9E033209835F}.Release|Any CPU.ActiveCfg = Release|Any CPU
		{A48B4482-1332-4275-8393-9E033209835F}.Release|Any CPU.Build.0 = Release|Any CPU
		{8785849A-7A54-4687-96A6-C908E62F65A8}.Debug|Any CPU.ActiveCfg = Debug|Any CPU
		{8785849A-7A54-4687-96A6-C908E62F65A8}.Debug|Any CPU.Build.0 = Debug|Any CPU
		{8785849A-7A54-4687-96A6-C908E62F65A8}.Release|Any CPU.ActiveCfg = Release|Any CPU
		{8785849A-7A54-4687-96A6-C908E62F65A8}.Release|Any CPU.Build.0 = Release|Any CPU
		{B400EFA5-B97B-4FC4-B34C-A6301A1C7890}.Debug|Any CPU.ActiveCfg = Debug|Any CPU
		{B400EFA5-B97B-4FC4-B34C-A6301A1C7890}.Debug|Any CPU.Build.0 = Debug|Any CPU
		{B400EFA5-B97B-4FC4-B34C-A6301A1C7890}.Release|Any CPU.ActiveCfg = Release|Any CPU
		{B400EFA5-B97B-4FC4-B34C-A6301A1C7890}.Release|Any CPU.Build.0 = Release|Any CPU
		{E03D5067-2596-4157-BFAD-DE539A936EE6}.Debug|Any CPU.ActiveCfg = Debug|Any CPU
		{E03D5067-2596-4157-BFAD-DE539A936EE6}.Debug|Any CPU.Build.0 = Debug|Any CPU
		{E03D5067-2596-4157-BFAD-DE539A936EE6}.Release|Any CPU.ActiveCfg = Release|Any CPU
		{E03D5067-2596-4157-BFAD-DE539A936EE6}.Release|Any CPU.Build.0 = Release|Any CPU
	EndGlobalSection
	GlobalSection(SolutionProperties) = preSolution
		HideSolutionNode = FALSE
	EndGlobalSection
	GlobalSection(ExtensibilityGlobals) = postSolution
		SolutionGuid = {599AE45D-B89C-4F9D-8321-B632534D2ED2}
	EndGlobalSection
EndGlobal
